
Microsoft Visual Studio Solution File, Format Version 12.00
# Visual Studio Version 17
VisualStudioVersion = 17.4.33205.214
MinimumVisualStudioVersion = 10.0.40219.1
Project("{FAE04EC0-301F-11D3-BF4B-00C04F79EFBC}") = "TemperaturePerCity", "TemperaturePerCity\TemperaturePerCity.csproj", "{FE32BC38-B5AB-4747-8451-21A5B8D5C390}"
EndProject
Global
	GlobalSection(SolutionConfigurationPlatforms) = preSolution
		Debug|Any CPU = Debug|Any CPU
		Release|Any CPU = Release|Any CPU
	EndGlobalSection
	GlobalSection(ProjectConfigurationPlatforms) = postSolution
		{FE32BC38-B5AB-4747-8451-21A5B8D5C390}.Debug|Any CPU.ActiveCfg = Debug|Any CPU
		{FE32BC38-B5AB-4747-8451-21A5B8D5C390}.Debug|Any CPU.Build.0 = Debug|Any CPU
		{FE32BC38-B5AB-4747-8451-21A5B8D5C390}.Release|Any CPU.ActiveCfg = Release|Any CPU
		{FE32BC38-B5AB-4747-8451-21A5B8D5C390}.Release|Any CPU.Build.0 = Release|Any CPU
	EndGlobalSection
	GlobalSection(SolutionProperties) = preSolution
		HideSolutionNode = FALSE
	EndGlobalSection
	GlobalSection(ExtensibilityGlobals) = postSolution
		SolutionGuid = {0E4B8912-6983-4DF1-9D9A-A5A7683F4065}
	EndGlobalSection
EndGlobal
